
Microsoft Visual Studio Solution File, Format Version 12.00
# Visual Studio Version 17
VisualStudioVersion = 17.7.34031.279
MinimumVisualStudioVersion = 10.0.40219.1
Project("{FAE04EC0-301F-11D3-BF4B-00C04F79EFBC}") = "Transportadora", "Transportadora\Transportadora.csproj", "{78BC7205-59D9-457C-A803-2BB67BACEFD1}"
EndProject
Global
	GlobalSection(SolutionConfigurationPlatforms) = preSolution
		Debug|Any CPU = Debug|Any CPU
		Release|Any CPU = Release|Any CPU
	EndGlobalSection
	GlobalSection(ProjectConfigurationPlatforms) = postSolution
		{78BC7205-59D9-457C-A803-2BB67BACEFD1}.Debug|Any CPU.ActiveCfg = Debug|Any CPU
		{78BC7205-59D9-457C-A803-2BB67BACEFD1}.Debug|Any CPU.Build.0 = Debug|Any CPU
		{78BC7205-59D9-457C-A803-2BB67BACEFD1}.Release|Any CPU.ActiveCfg = Release|Any CPU
		{78BC7205-59D9-457C-A803-2BB67BACEFD1}.Release|Any CPU.Build.0 = Release|Any CPU
	EndGlobalSection
	GlobalSection(SolutionProperties) = preSolution
		HideSolutionNode = FALSE
	EndGlobalSection
	GlobalSection(ExtensibilityGlobals) = postSolution
		SolutionGuid = {8F291769-DE27-45F4-A5CA-493C62B295D5}
	EndGlobalSection
EndGlobal
